
Microsoft Visual Studio Solution File, Format Version 12.00
# Visual Studio Version 16
VisualStudioVersion = 16.0.31727.386
MinimumVisualStudioVersion = 10.0.40219.1
Project("{FAE04EC0-301F-11D3-BF4B-00C04F79EFBC}") = "Trîmbițaș_Andreea-Lavinia_Lab2", "Trîmbițaș_Andreea-Lavinia_Lab2.csproj", "{2EAD56F0-C932-4FD8-956B-BAD4EEC0F04C}"
EndProject
Global
	GlobalSection(SolutionConfigurationPlatforms) = preSolution
		Debug|Any CPU = Debug|Any CPU
		Release|Any CPU = Release|Any CPU
	EndGlobalSection
	GlobalSection(ProjectConfigurationPlatforms) = postSolution
		{2EAD56F0-C932-4FD8-956B-BAD4EEC0F04C}.Debug|Any CPU.ActiveCfg = Debug|Any CPU
		{2EAD56F0-C932-4FD8-956B-BAD4EEC0F04C}.Debug|Any CPU.Build.0 = Debug|Any CPU
		{2EAD56F0-C932-4FD8-956B-BAD4EEC0F04C}.Release|Any CPU.ActiveCfg = Release|Any CPU
		{2EAD56F0-C932-4FD8-956B-BAD4EEC0F04C}.Release|Any CPU.Build.0 = Release|Any CPU
	EndGlobalSection
	GlobalSection(SolutionProperties) = preSolution
		HideSolutionNode = FALSE
	EndGlobalSection
	GlobalSection(ExtensibilityGlobals) = postSolution
		SolutionGuid = {954921C4-A441-4CC9-A56B-FC2E068831AF}
	EndGlobalSection
EndGlobal
